// !$*UTF8*$!
{
	archiveVersion = 1;
	classes = {
	};
	objectVersion = 50;
	objects = {

/* Begin PBXBuildFile section */
		667224B524A0CF91008C3245 /* AppDelegate.swift in Sources */ = {isa = PBXBuildFile; fileRef = 667224B424A0CF91008C3245 /* AppDelegate.swift */; };
		667224B724A0CF91008C3245 /* SceneDelegate.swift in Sources */ = {isa = PBXBuildFile; fileRef = 667224B624A0CF91008C3245 /* SceneDelegate.swift */; };
		667224B924A0CF91008C3245 /* ViewController.swift in Sources */ = {isa = PBXBuildFile; fileRef = 667224B824A0CF91008C3245 /* ViewController.swift */; };
		667224BC24A0CF91008C3245 /* Main.storyboard in Resources */ = {isa = PBXBuildFile; fileRef = 667224BA24A0CF91008C3245 /* Main.storyboard */; };
		667224BE24A0CF93008C3245 /* Assets.xcassets in Resources */ = {isa = PBXBuildFile; fileRef = 667224BD24A0CF93008C3245 /* Assets.xcassets */; };
		667224C124A0CF93008C3245 /* LaunchScreen.storyboard in Resources */ = {isa = PBXBuildFile; fileRef = 667224BF24A0CF93008C3245 /* LaunchScreen.storyboard */; };
		667224C924A0E21A008C3245 /* DesignView.swift in Sources */ = {isa = PBXBuildFile; fileRef = 667224C824A0E21A008C3245 /* DesignView.swift */; };
/* End PBXBuildFile section */

/* Begin PBXFileReference section */
		667224B124A0CF91008C3245 /* login page.app */ = {isa = PBXFileReference; explicitFileType = wrapper.application; includeInIndex = 0; path = "login page.app"; sourceTree = BUILT_PRODUCTS_DIR; };
		667224B424A0CF91008C3245 /* AppDelegate.swift */ = {isa = PBXFileReference; lastKnownFileType = sourcecode.swift; path = AppDelegate.swift; sourceTree = "<group>"; };
		667224B624A0CF91008C3245 /* SceneDelegate.swift */ = {isa = PBXFileReference; lastKnownFileType = sourcecode.swift; path = SceneDelegate.swift; sourceTree = "<group>"; };
		667224B824A0CF91008C3245 /* ViewController.swift */ = {isa = PBXFileReference; lastKnownFileType = sourcecode.swift; path = ViewController.swift; sourceTree = "<group>"; };
		667224BB24A0CF91008C3245 /* Base */ = {isa = PBXFileReference; lastKnownFileType = file.storyboard; name = Base; path = Base.lproj/Main.storyboard; sourceTree = "<group>"; };
		667224BD24A0CF93008C3245 /* Assets.xcassets */ = {isa = PBXFileReference; lastKnownFileType = folder.assetcatalog; path = Assets.xcassets; sourceTree = "<group>"; };
		667224C024A0CF93008C3245 /* Base */ = {isa = PBXFileReference; lastKnownFileType = file.storyboard; name = Base; path = Base.lproj/LaunchScreen.storyboard; sourceTree = "<group>"; };
		667224C224A0CF93008C3245 /* Info.plist */ = {isa = PBXFileReference; lastKnownFileType = text.plist.xml; path = Info.plist; sourceTree = "<group>"; };
		667224C824A0E21A008C3245 /* DesignView.swift */ = {isa = PBXFileReference; lastKnownFileType = sourcecode.swift; path = DesignView.swift; sourceTree = "<group>"; };
/* End PBXFileReference section */

/* Begin PBXFrameworksBuildPhase section */
		667224AE24A0CF91008C3245 /* Frameworks */ = {
			isa = PBXFrameworksBuildPhase;
			buildActionMask = 2147483647;
			files = (
			);
			runOnlyForDeploymentPostprocessing = 0;
		};
/* End PBXFrameworksBuildPhase section */

/* Begin PBXGroup section */
		667224A824A0CF91008C3245 = {
			isa = PBXGroup;
			children = (
				667224B324A0CF91008C3245 /* login page */,
				667224B224A0CF91008C3245 /* Products */,
			);
			sourceTree = "<group>";
		};
		667224B224A0CF91008C3245 /* Products */ = {
			isa = PBXGroup;
			children = (
				667224B124A0CF91008C3245 /* login page.app */,
			);
			name = Products;
			sourceTree = "<group>";
		};
		667224B324A0CF91008C3245 /* login page */ = {
			isa = PBXGroup;
			children = (
				667224B424A0CF91008C3245 /* AppDelegate.swift */,
				667224B624A0CF91008C3245 /* SceneDelegate.swift */,
				667224B824A0CF91008C3245 /* ViewController.swift */,
				667224BA24A0CF91008C3245 /* Main.storyboard */,
				667224BD24A0CF93008C3245 /* Assets.xcassets */,
				667224BF24A0CF93008C3245 /* LaunchScreen.storyboard */,
				667224C224A0CF93008C3245 /* Info.plist */,
				667224C824A0E21A008C3245 /* DesignView.swift */,
			);
			path = "login page";
			sourceTree = "<group>";
		};
/* End PBXGroup section */

/* Begin PBXNativeTarget section */
		667224B024A0CF91008C3245 /* login page */ = {
			isa = PBXNativeTarget;
			buildConfigurationList = 667224C524A0CF93008C3245 /* Build configuration list for PBXNativeTarget "login page" */;
			buildPhases = (
				667224AD24A0CF91008C3245 /* Sources */,
				667224AE24A0CF91008C3245 /* Frameworks */,
				667224AF24A0CF91008C3245 /* Resources */,
			);
			buildRules = (
			);
			dependencies = (
			);
			name = "login page";
			productName = "login page";
			productReference = 667224B124A0CF91008C3245 /* login page.app */;
			productType = "com.apple.product-type.application";
		};
/* End PBXNativeTarget section */

/* Begin PBXProject section */
		667224A924A0CF91008C3245 /* Project object */ = {
			isa = PBXProject;
			attributes = {
				LastSwiftUpdateCheck = 1130;
				LastUpgradeCheck = 1130;
				ORGANIZATIONNAME = apap;
				TargetAttributes = {
					667224B024A0CF91008C3245 = {
						CreatedOnToolsVersion = 11.3.1;
					};
				};
			};
			buildConfigurationList = 667224AC24A0CF91008C3245 /* Build configuration list for PBXProject "login page" */;
			compatibilityVersion = "Xcode 9.3";
			developmentRegion = en;
			hasScannedForEncodings = 0;
			knownRegions = (
				en,
				Base,
			);
			mainGroup = 667224A824A0CF91008C3245;
			productRefGroup = 667224B224A0CF91008C3245 /* Products */;
			projectDirPath = "";
			projectRoot = "";
			targets = (
				667224B024A0CF91008C3245 /* login page */,
			);
		};
/* End PBXProject section */

/* Begin PBXResourcesBuildPhase section */
		667224AF24A0CF91008C3245 /* Resources */ = {
			isa = PBXResourcesBuildPhase;
			buildActionMask = 2147483647;
			files = (
				667224C124A0CF93008C3245 /* LaunchScreen.storyboard in Resources */,
				667224BE24A0CF93008C3245 /* Assets.xcassets in Resources */,
				667224BC24A0CF91008C3245 /* Main.storyboard in Resources */,
			);
			runOnlyForDeploymentPostprocessing = 0;
		};
/* End PBXResourcesBuildPhase section */

/* Begin PBXSourcesBuildPhase section */
		667224AD24A0CF91008C3245 /* Sources */ = {
			isa = PBXSourcesBuildPhase;
			buildActionMask = 2147483647;
			files = (
				667224C924A0E21A008C3245 /* DesignView.swift in Sources */,
				667224B924A0CF91008C3245 /* ViewController.swift in Sources */,
				667224B524A0CF91008C3245 /* AppDelegate.swift in Sources */,
				667224B724A0CF91008C3245 /* SceneDelegate.swift in Sources */,
			);
			runOnlyForDeploymentPostprocessing = 0;
		};
/* End PBXSourcesBuildPhase section */

/* Begin PBXVariantGroup section */
		667224BA24A0CF91008C3245 /* Main.storyboard */ = {
			isa = PBXVariantGroup;
			children = (
				667224BB24A0CF91008C3245 /* Base */,
			);
			name = Main.storyboard;
			sourceTree = "<group>";
		};
		667224BF24A0CF93008C3245 /* LaunchScreen.storyboard */ = {
			isa = PBXVariantGroup;
			children = (
				667224C024A0CF93008C3245 /* Base */,
			);
			name = LaunchScreen.storyboard;
			sourceTree = "<group>";
		};
/* End PBXVariantGroup section */

/* Begin XCBuildConfiguration section */
		667224C324A0CF93008C3245 /* Debug */ = {
			isa = XCBuildConfiguration;
			buildSettings = {
				ALWAYS_SEARCH_USER_PATHS = NO;
				CLANG_ANALYZER_NONNULL = YES;
				CLANG_ANALYZER_NUMBER_OBJECT_CONVERSION = YES_AGGRESSIVE;
				CLANG_CXX_LANGUAGE_STANDARD = "gnu++14";
				CLANG_CXX_LIBRARY = "libc++";
				CLANG_ENABLE_MODULES = YES;
				CLANG_ENABLE_OBJC_ARC = YES;
				CLANG_ENABLE_OBJC_WEAK = YES;
				CLANG_WARN_BLOCK_CAPTURE_AUTORELEASING = YES;
				CLANG_WARN_BOOL_CONVERSION = YES;
				CLANG_WARN_COMMA = YES;
				CLANG_WARN_CONSTANT_CONVERSION = YES;
				CLANG_WARN_DEPRECATED_OBJC_IMPLEMENTATIONS = YES;
				CLANG_WARN_DIRECT_OBJC_ISA_USAGE = YES_ERROR;
				CLANG_WARN_DOCUMENTATION_COMMENTS = YES;
				CLANG_WARN_EMPTY_BODY = YES;
				CLANG_WARN_ENUM_CONVERSION = YES;
				CLANG_WARN_INFINITE_RECURSION = YES;
				CLANG_WARN_INT_CONVERSION = YES;
				CLANG_WARN_NON_LITERAL_NULL_CONVERSION = YES;
				CLANG_WARN_OBJC_IMPLICIT_RETAIN_SELF = YES;
				CLANG_WARN_OBJC_LITERAL_CONVERSION = YES;
				CLANG_WARN_OBJC_ROOT_CLASS = YES_ERROR;
				CLANG_WARN_RANGE_LOOP_ANALYSIS = YES;
				CLANG_WARN_STRICT_PROTOTYPES = YES;
				CLANG_WARN_SUSPICIOUS_MOVE = YES;
				CLANG_WARN_UNGUARDED_AVAILABILITY = YES_AGGRESSIVE;
				CLANG_WARN_UNREACHABLE_CODE = YES;
				CLANG_WARN__DUPLICATE_METHOD_MATCH = YES;
				COPY_PHASE_STRIP = NO;
				DEBUG_INFORMATION_FORMAT = dwarf;
				ENABLE_STRICT_OBJC_MSGSEND = YES;
				ENABLE_TESTABILITY = YES;
				GCC_C_LANGUAGE_STANDARD = gnu11;
				GCC_DYNAMIC_NO_PIC = NO;
				GCC_NO_COMMON_BLOCKS = YES;
				GCC_OPTIMIZATION_LEVEL = 0;
				GCC_PREPROCESSOR_DEFINITIONS = (
					"DEBUG=1",
					"$(inherited)",
				);
				GCC_WARN_64_TO_32_BIT_CONVERSION = YES;
				GCC_WARN_ABOUT_RETURN_TYPE = YES_ERROR;
				GCC_WARN_UNDECLARED_SELECTOR = YES;
				GCC_WARN_UNINITIALIZED_AUTOS = YES_AGGRESSIVE;
				GCC_WARN_UNUSED_FUNCTION = YES;
				GCC_WARN_UNUSED_VARIABLE = YES;
				IPHONEOS_DEPLOYMENT_TARGET = 13.2;
				MTL_ENABLE_DEBUG_INFO = INCLUDE_SOURCE;
				MTL_FAST_MATH = YES;
				ONLY_ACTIVE_ARCH = YES;
				SDKROOT = iphoneos;
				SWIFT_ACTIVE_COMPILATION_CONDITIONS = DEBUG;
				SWIFT_OPTIMIZATION_LEVEL = "-Onone";
			};
			name = Debug;
		};
		667224C424A0CF93008C3245 /* Release */ = {
			isa = XCBuildConfiguration;
			buildSettings = {
				ALWAYS_SEARCH_USER_PATHS = NO;
				CLANG_ANALYZER_NONNULL = YES;
				CLANG_ANALYZER_NUMBER_OBJECT_CONVERSION = YES_AGGRESSIVE;
				CLANG_CXX_LANGUAGE_STANDARD = "gnu++14";
				CLANG_CXX_LIBRARY = "libc++";
				CLANG_ENABLE_MODULES = YES;
				CLANG_ENABLE_OBJC_ARC = YES;
				CLANG_ENABLE_OBJC_WEAK = YES;
				CLANG_WARN_BLOCK_CAPTURE_AUTORELEASING = YES;
				CLANG_WARN_BOOL_CONVERSION = YES;
				CLANG_WARN_COMMA = YES;
				CLANG_WARN_CONSTANT_CONVERSION = YES;
				CLANG_WARN_DEPRECATED_OBJC_IMPLEMENTATIONS = YES;
				CLANG_WARN_DIRECT_OBJC_ISA_USAGE = YES_ERROR;
				CLANG_WARN_DOCUMENTATION_COMMENTS = YES;
				CLANG_WARN_EMPTY_BODY = YES;
				CLANG_WARN_ENUM_CONVERSION = YES;
				CLANG_WARN_INFINITE_RECURSION = YES;
				CLANG_WARN_INT_CONVERSION = YES;
				CLANG_WARN_NON_LITERAL_NULL_CONVERSION = YES;
				CLANG_WARN_OBJC_IMPLICIT_RETAIN_SELF = YES;
				CLANG_WARN_OBJC_LITERAL_CONVERSION = YES;
				CLANG_WARN_OBJC_ROOT_CLASS = YES_ERROR;
				CLANG_WARN_RANGE_LOOP_ANALYSIS = YES;
				CLANG_WARN_STRICT_PROTOTYPES = YES;
				CLANG_WARN_SUSPICIOUS_MOVE = YES;
				CLANG_WARN_UNGUARDED_AVAILABILITY = YES_AGGRESSIVE;
				CLANG_WARN_UNREACHABLE_CODE = YES;
				CLANG_WARN__DUPLICATE_METHOD_MATCH = YES;
				COPY_PHASE_STRIP = NO;
				DEBUG_INFORMATION_FORMAT = "dwarf-with-dsym";
				ENABLE_NS_ASSERTIONS = NO;
				ENABLE_STRICT_OBJC_MSGSEND = YES;
				GCC_C_LANGUAGE_STANDARD = gnu11;
				GCC_NO_COMMON_BLOCKS = YES;
				GCC_WARN_64_TO_32_BIT_CONVERSION = YES;
				GCC_WARN_ABOUT_RETURN_TYPE = YES_ERROR;
				GCC_WARN_UNDECLARED_SELECTOR = YES;
				GCC_WARN_UNINITIALIZED_AUTOS = YES_AGGRESSIVE;
				GCC_WARN_UNUSED_FUNCTION = YES;
				GCC_WARN_UNUSED_VARIABLE = YES;
				IPHONEOS_DEPLOYMENT_TARGET = 13.2;
				MTL_ENABLE_DEBUG_INFO = NO;
				MTL_FAST_MATH = YES;
				SDKROOT = iphoneos;
				SWIFT_COMPILATION_MODE = wholemodule;
				SWIFT_OPTIMIZATION_LEVEL = "-O";
				VALIDATE_PRODUCT = YES;
			};
			name = Release;
		};
		667224C624A0CF93008C3245 /* Debug */ = {
			isa = XCBuildConfiguration;
			buildSettings = {
				ASSETCATALOG_COMPILER_APPICON_NAME = AppIcon;
				CODE_SIGN_STYLE = Automatic;
				INFOPLIST_FILE = "login page/Info.plist";
				IPHONEOS_DEPLOYMENT_TARGET = 13.0;
				LD_RUNPATH_SEARCH_PATHS = (
					"$(inherited)",
					"@executable_path/Frameworks",
				);
				PRODUCT_BUNDLE_IDENTIFIER = "com.apapkeren.login-page";
				PRODUCT_NAME = "$(TARGET_NAME)";
				SWIFT_VERSION = 5.0;
				TARGETED_DEVICE_FAMILY = "1,2";
			};
			name = Debug;
		};
		667224C724A0CF93008C3245 /* Release */ = {
			isa = XCBuildConfiguration;
			buildSettings = {
				ASSETCATALOG_COMPILER_APPICON_NAME = AppIcon;
				CODE_SIGN_STYLE = Automatic;
				INFOPLIST_FILE = "login page/Info.plist";
				IPHONEOS_DEPLOYMENT_TARGET = 13.0;
				LD_RUNPATH_SEARCH_PATHS = (
					"$(inherited)",
					"@executable_path/Frameworks",
				);
				PRODUCT_BUNDLE_IDENTIFIER = "com.apapkeren.login-page";
				PRODUCT_NAME = "$(TARGET_NAME)";
				SWIFT_VERSION = 5.0;
				TARGETED_DEVICE_FAMILY = "1,2";
			};
			name = Release;
		};
/* End XCBuildConfiguration section */

/* Begin XCConfigurationList section */
		667224AC24A0CF91008C3245 /* Build configuration list for PBXProject "login page" */ = {
			isa = XCConfigurationList;
			buildConfigurations = (
				667224C324A0CF93008C3245 /* Debug */,
				667224C424A0CF93008C3245 /* Release */,
			);
			defaultConfigurationIsVisible = 0;
			defaultConfigurationName = Release;
		};
		667224C524A0CF93008C3245 /* Build configuration list for PBXNativeTarget "login page" */ = {
			isa = XCConfigurationList;
			buildConfigurations = (
				667224C624A0CF93008C3245 /* Debug */,
				667224C724A0CF93008C3245 /* Release */,
			);
			defaultConfigurationIsVisible = 0;
			defaultConfigurationName = Release;
		};
/* End XCConfigurationList section */
	};
	rootObject = 667224A924A0CF91008C3245 /* Project object */;
}
